
Microsoft Visual Studio Solution File, Format Version 12.00
# Visual Studio Express 2012 for Windows Desktop
Project("{FAE04EC0-301F-11D3-BF4B-00C04F79EFBC}") = "Students", "Students\Students.csproj", "{E3BE3D81-F51A-4475-9CA4-3361DC305F85}"
EndProject
Project("{FAE04EC0-301F-11D3-BF4B-00C04F79EFBC}") = "Staffs", "Staff\Staffs.csproj", "{042DC229-3B25-448F-92C2-C7089F9AB6D0}"
EndProject
Project("{FAE04EC0-301F-11D3-BF4B-00C04F79EFBC}") = "SystemExceptions", "SystemExceptions\SystemExceptions.csproj", "{62791C36-B448-4056-AA64-1454F2AFDFD6}"
EndProject
Project("{FAE04EC0-301F-11D3-BF4B-00C04F79EFBC}") = "SystemGlobals", "SystemGlobal\SystemGlobals.csproj", "{5B9D26D9-8B30-45BF-B84F-5554F5769964}"
EndProject
Project("{FAE04EC0-301F-11D3-BF4B-00C04F79EFBC}") = "Register", "Register\Register.csproj", "{EC8E5142-ED8E-44F4-BE36-2DAB003B1C05}"
EndProject
Project("{FAE04EC0-301F-11D3-BF4B-00C04F79EFBC}") = "Login", "Login\Login.csproj", "{8AE169B1-3BB2-4C52-909B-4D0D46B9CA09}"
EndProject
Project("{FAE04EC0-301F-11D3-BF4B-00C04F79EFBC}") = "Logs", "Logs\Logs.csproj", "{5F3FF734-2854-4595-AEC2-E527A726317C}"
EndProject
Project("{FAE04EC0-301F-11D3-BF4B-00C04F79EFBC}") = "FormBase", "FormBase\FormBase.csproj", "{79BA73AB-CF55-46A4-BCFA-313D00CFDF67}"
EndProject
Global
	GlobalSection(SolutionConfigurationPlatforms) = preSolution
		Debug|Any CPU = Debug|Any CPU
		Release|Any CPU = Release|Any CPU
	EndGlobalSection
	GlobalSection(ProjectConfigurationPlatforms) = postSolution
		{E3BE3D81-F51A-4475-9CA4-3361DC305F85}.Debug|Any CPU.ActiveCfg = Debug|Any CPU
		{E3BE3D81-F51A-4475-9CA4-3361DC305F85}.Debug|Any CPU.Build.0 = Debug|Any CPU
		{E3BE3D81-F51A-4475-9CA4-3361DC305F85}.Release|Any CPU.ActiveCfg = Release|Any CPU
		{E3BE3D81-F51A-4475-9CA4-3361DC305F85}.Release|Any CPU.Build.0 = Release|Any CPU
		{042DC229-3B25-448F-92C2-C7089F9AB6D0}.Debug|Any CPU.ActiveCfg = Debug|Any CPU
		{042DC229-3B25-448F-92C2-C7089F9AB6D0}.Debug|Any CPU.Build.0 = Debug|Any CPU
		{042DC229-3B25-448F-92C2-C7089F9AB6D0}.Release|Any CPU.ActiveCfg = Release|Any CPU
		{042DC229-3B25-448F-92C2-C7089F9AB6D0}.Release|Any CPU.Build.0 = Release|Any CPU
		{62791C36-B448-4056-AA64-1454F2AFDFD6}.Debug|Any CPU.ActiveCfg = Debug|Any CPU
		{62791C36-B448-4056-AA64-1454F2AFDFD6}.Debug|Any CPU.Build.0 = Debug|Any CPU
		{62791C36-B448-4056-AA64-1454F2AFDFD6}.Release|Any CPU.ActiveCfg = Release|Any CPU
		{62791C36-B448-4056-AA64-1454F2AFDFD6}.Release|Any CPU.Build.0 = Release|Any CPU
		{5B9D26D9-8B30-45BF-B84F-5554F5769964}.Debug|Any CPU.ActiveCfg = Debug|Any CPU
		{5B9D26D9-8B30-45BF-B84F-5554F5769964}.Debug|Any CPU.Build.0 = Debug|Any CPU
		{5B9D26D9-8B30-45BF-B84F-5554F5769964}.Release|Any CPU.ActiveCfg = Release|Any CPU
		{5B9D26D9-8B30-45BF-B84F-5554F5769964}.Release|Any CPU.Build.0 = Release|Any CPU
		{EC8E5142-ED8E-44F4-BE36-2DAB003B1C05}.Debug|Any CPU.ActiveCfg = Debug|Any CPU
		{EC8E5142-ED8E-44F4-BE36-2DAB003B1C05}.Debug|Any CPU.Build.0 = Debug|Any CPU
		{EC8E5142-ED8E-44F4-BE36-2DAB003B1C05}.Release|Any CPU.ActiveCfg = Release|Any CPU
		{EC8E5142-ED8E-44F4-BE36-2DAB003B1C05}.Release|Any CPU.Build.0 = Release|Any CPU
		{8AE169B1-3BB2-4C52-909B-4D0D46B9CA09}.Debug|Any CPU.ActiveCfg = Debug|Any CPU
		{8AE169B1-3BB2-4C52-909B-4D0D46B9CA09}.Debug|Any CPU.Build.0 = Debug|Any CPU
		{8AE169B1-3BB2-4C52-909B-4D0D46B9CA09}.Release|Any CPU.ActiveCfg = Release|Any CPU
		{8AE169B1-3BB2-4C52-909B-4D0D46B9CA09}.Release|Any CPU.Build.0 = Release|Any CPU
		{5F3FF734-2854-4595-AEC2-E527A726317C}.Debug|Any CPU.ActiveCfg = Debug|Any CPU
		{5F3FF734-2854-4595-AEC2-E527A726317C}.Debug|Any CPU.Build.0 = Debug|Any CPU
		{5F3FF734-2854-4595-AEC2-E527A726317C}.Release|Any CPU.ActiveCfg = Release|Any CPU
		{5F3FF734-2854-4595-AEC2-E527A726317C}.Release|Any CPU.Build.0 = Release|Any CPU
		{79BA73AB-CF55-46A4-BCFA-313D00CFDF67}.Debug|Any CPU.ActiveCfg = Debug|Any CPU
		{79BA73AB-CF55-46A4-BCFA-313D00CFDF67}.Debug|Any CPU.Build.0 = Debug|Any CPU
		{79BA73AB-CF55-46A4-BCFA-313D00CFDF67}.Release|Any CPU.ActiveCfg = Release|Any CPU
		{79BA73AB-CF55-46A4-BCFA-313D00CFDF67}.Release|Any CPU.Build.0 = Release|Any CPU
	EndGlobalSection
	GlobalSection(SolutionProperties) = preSolution
		HideSolutionNode = FALSE
	EndGlobalSection
EndGlobal
