
Microsoft Visual Studio Solution File, Format Version 12.00
# Visual Studio Express 2012 for Windows Desktop
Project("{FAE04EC0-301F-11D3-BF4B-00C04F79EFBC}") = "frmDragDrop03", "frmDragDrop03\frmDragDrop03.csproj", "{D434E3C9-5396-4DFF-97F1-88B9069D4FB9}"
EndProject
Global
	GlobalSection(SolutionConfigurationPlatforms) = preSolution
		Debug|Any CPU = Debug|Any CPU
		Release|Any CPU = Release|Any CPU
	EndGlobalSection
	GlobalSection(ProjectConfigurationPlatforms) = postSolution
		{D434E3C9-5396-4DFF-97F1-88B9069D4FB9}.Debug|Any CPU.ActiveCfg = Debug|Any CPU
		{D434E3C9-5396-4DFF-97F1-88B9069D4FB9}.Debug|Any CPU.Build.0 = Debug|Any CPU
		{D434E3C9-5396-4DFF-97F1-88B9069D4FB9}.Release|Any CPU.ActiveCfg = Release|Any CPU
		{D434E3C9-5396-4DFF-97F1-88B9069D4FB9}.Release|Any CPU.Build.0 = Release|Any CPU
	EndGlobalSection
	GlobalSection(SolutionProperties) = preSolution
		HideSolutionNode = FALSE
	EndGlobalSection
EndGlobal
