
Microsoft Visual Studio Solution File, Format Version 12.00
# Visual Studio Express 2013 for Windows Desktop
VisualStudioVersion = 12.0.30501.0
MinimumVisualStudioVersion = 10.0.40219.1
Project("{FAE04EC0-301F-11D3-BF4B-00C04F79EFBC}") = "frmXML00", "frmXML00\frmXML00.csproj", "{99FBA5AE-4476-46AA-950B-4F5A00D2938A}"
EndProject
Global
	GlobalSection(SolutionConfigurationPlatforms) = preSolution
		Debug|Any CPU = Debug|Any CPU
		Release|Any CPU = Release|Any CPU
	EndGlobalSection
	GlobalSection(ProjectConfigurationPlatforms) = postSolution
		{99FBA5AE-4476-46AA-950B-4F5A00D2938A}.Debug|Any CPU.ActiveCfg = Debug|Any CPU
		{99FBA5AE-4476-46AA-950B-4F5A00D2938A}.Debug|Any CPU.Build.0 = Debug|Any CPU
		{99FBA5AE-4476-46AA-950B-4F5A00D2938A}.Release|Any CPU.ActiveCfg = Release|Any CPU
		{99FBA5AE-4476-46AA-950B-4F5A00D2938A}.Release|Any CPU.Build.0 = Release|Any CPU
	EndGlobalSection
	GlobalSection(SolutionProperties) = preSolution
		HideSolutionNode = FALSE
	EndGlobalSection
EndGlobal
