
Microsoft Visual Studio Solution File, Format Version 12.00
# Visual Studio Express 2013 for Windows Desktop
VisualStudioVersion = 12.0.30723.0
MinimumVisualStudioVersion = 10.0.40219.1
Project("{FAE04EC0-301F-11D3-BF4B-00C04F79EFBC}") = "cmdUTest00", "cmdUTest00\cmdUTest00.csproj", "{C092E863-D7D7-48D0-914F-8A44C4EB6724}"
EndProject
Project("{FAE04EC0-301F-11D3-BF4B-00C04F79EFBC}") = "cmdUTest00_UnitTestProject", "cmdUTest00_UnitTestProject\cmdUTest00_UnitTestProject.csproj", "{5AD54CD6-145A-47C8-9425-0C8F3082879C}"
EndProject
Global
	GlobalSection(SolutionConfigurationPlatforms) = preSolution
		Debug|Any CPU = Debug|Any CPU
		Release|Any CPU = Release|Any CPU
	EndGlobalSection
	GlobalSection(ProjectConfigurationPlatforms) = postSolution
		{C092E863-D7D7-48D0-914F-8A44C4EB6724}.Debug|Any CPU.ActiveCfg = Debug|Any CPU
		{C092E863-D7D7-48D0-914F-8A44C4EB6724}.Debug|Any CPU.Build.0 = Debug|Any CPU
		{C092E863-D7D7-48D0-914F-8A44C4EB6724}.Release|Any CPU.ActiveCfg = Release|Any CPU
		{C092E863-D7D7-48D0-914F-8A44C4EB6724}.Release|Any CPU.Build.0 = Release|Any CPU
		{5AD54CD6-145A-47C8-9425-0C8F3082879C}.Debug|Any CPU.ActiveCfg = Debug|Any CPU
		{5AD54CD6-145A-47C8-9425-0C8F3082879C}.Debug|Any CPU.Build.0 = Debug|Any CPU
		{5AD54CD6-145A-47C8-9425-0C8F3082879C}.Release|Any CPU.ActiveCfg = Release|Any CPU
		{5AD54CD6-145A-47C8-9425-0C8F3082879C}.Release|Any CPU.Build.0 = Release|Any CPU
	EndGlobalSection
	GlobalSection(SolutionProperties) = preSolution
		HideSolutionNode = FALSE
	EndGlobalSection
EndGlobal
