
Microsoft Visual Studio Solution File, Format Version 10.00
# Visual Studio 2008
Project("{FAE04EC0-301F-11D3-BF4B-00C04F79EFBC}") = "03_FrmDataEntry", "03_FrmDataEntry\03_FrmDataEntry.csproj", "{694125C8-3B39-45AD-A735-E0E18D5928C1}"
EndProject
Global
	GlobalSection(SolutionConfigurationPlatforms) = preSolution
		Debug|Any CPU = Debug|Any CPU
		Release|Any CPU = Release|Any CPU
	EndGlobalSection
	GlobalSection(ProjectConfigurationPlatforms) = postSolution
		{694125C8-3B39-45AD-A735-E0E18D5928C1}.Debug|Any CPU.ActiveCfg = Debug|Any CPU
		{694125C8-3B39-45AD-A735-E0E18D5928C1}.Debug|Any CPU.Build.0 = Debug|Any CPU
		{694125C8-3B39-45AD-A735-E0E18D5928C1}.Release|Any CPU.ActiveCfg = Release|Any CPU
		{694125C8-3B39-45AD-A735-E0E18D5928C1}.Release|Any CPU.Build.0 = Release|Any CPU
	EndGlobalSection
	GlobalSection(SolutionProperties) = preSolution
		HideSolutionNode = FALSE
	EndGlobalSection
EndGlobal
