
Microsoft Visual Studio Solution File, Format Version 12.00
# Visual Studio Express 2012 for Windows Desktop
Project("{FAE04EC0-301F-11D3-BF4B-00C04F79EFBC}") = "databinding_to_BindingList", "databinding_to_BindingList\databinding_to_BindingList.csproj", "{F5060560-006E-43F0-9D2A-A7BA79E3C5FE}"
EndProject
Global
	GlobalSection(SolutionConfigurationPlatforms) = preSolution
		Debug|Any CPU = Debug|Any CPU
		Release|Any CPU = Release|Any CPU
	EndGlobalSection
	GlobalSection(ProjectConfigurationPlatforms) = postSolution
		{F5060560-006E-43F0-9D2A-A7BA79E3C5FE}.Debug|Any CPU.ActiveCfg = Debug|Any CPU
		{F5060560-006E-43F0-9D2A-A7BA79E3C5FE}.Debug|Any CPU.Build.0 = Debug|Any CPU
		{F5060560-006E-43F0-9D2A-A7BA79E3C5FE}.Release|Any CPU.ActiveCfg = Release|Any CPU
		{F5060560-006E-43F0-9D2A-A7BA79E3C5FE}.Release|Any CPU.Build.0 = Release|Any CPU
	EndGlobalSection
	GlobalSection(SolutionProperties) = preSolution
		HideSolutionNode = FALSE
	EndGlobalSection
EndGlobal
