
Microsoft Visual Studio Solution File, Format Version 10.00
# Visual Studio 2008
Project("{FAE04EC0-301F-11D3-BF4B-00C04F79EFBC}") = "winService00", "winService00\winService00.csproj", "{EBAC342F-946F-4157-BB65-4BC6F8AA0264}"
EndProject
Global
	GlobalSection(SolutionConfigurationPlatforms) = preSolution
		Debug|Any CPU = Debug|Any CPU
		Release|Any CPU = Release|Any CPU
	EndGlobalSection
	GlobalSection(ProjectConfigurationPlatforms) = postSolution
		{EBAC342F-946F-4157-BB65-4BC6F8AA0264}.Debug|Any CPU.ActiveCfg = Debug|Any CPU
		{EBAC342F-946F-4157-BB65-4BC6F8AA0264}.Debug|Any CPU.Build.0 = Debug|Any CPU
		{EBAC342F-946F-4157-BB65-4BC6F8AA0264}.Release|Any CPU.ActiveCfg = Release|Any CPU
		{EBAC342F-946F-4157-BB65-4BC6F8AA0264}.Release|Any CPU.Build.0 = Release|Any CPU
	EndGlobalSection
	GlobalSection(SolutionProperties) = preSolution
		HideSolutionNode = FALSE
	EndGlobalSection
EndGlobal
