
Microsoft Visual Studio Solution File, Format Version 10.00
# Visual Studio 2008
Project("{FAE04EC0-301F-11D3-BF4B-00C04F79EFBC}") = "frmRef02", "frmRef02\frmRef02.csproj", "{E897D128-08AD-4BB2-A3A4-D80B4CD9661A}"
EndProject
Global
	GlobalSection(SolutionConfigurationPlatforms) = preSolution
		Debug|Any CPU = Debug|Any CPU
		Release|Any CPU = Release|Any CPU
	EndGlobalSection
	GlobalSection(ProjectConfigurationPlatforms) = postSolution
		{E897D128-08AD-4BB2-A3A4-D80B4CD9661A}.Debug|Any CPU.ActiveCfg = Debug|Any CPU
		{E897D128-08AD-4BB2-A3A4-D80B4CD9661A}.Debug|Any CPU.Build.0 = Debug|Any CPU
		{E897D128-08AD-4BB2-A3A4-D80B4CD9661A}.Release|Any CPU.ActiveCfg = Release|Any CPU
		{E897D128-08AD-4BB2-A3A4-D80B4CD9661A}.Release|Any CPU.Build.0 = Release|Any CPU
	EndGlobalSection
	GlobalSection(SolutionProperties) = preSolution
		HideSolutionNode = FALSE
	EndGlobalSection
EndGlobal
