
Microsoft Visual Studio Solution File, Format Version 12.00
# Visual Studio Express 2012 for Windows Desktop
Project("{FAE04EC0-301F-11D3-BF4B-00C04F79EFBC}") = "baseConstructor", "baseConstructor\baseConstructor.csproj", "{6CC772EF-D809-44BC-A641-5C1A0E4571DC}"
EndProject
Global
	GlobalSection(SolutionConfigurationPlatforms) = preSolution
		Debug|Any CPU = Debug|Any CPU
		Release|Any CPU = Release|Any CPU
	EndGlobalSection
	GlobalSection(ProjectConfigurationPlatforms) = postSolution
		{6CC772EF-D809-44BC-A641-5C1A0E4571DC}.Debug|Any CPU.ActiveCfg = Debug|Any CPU
		{6CC772EF-D809-44BC-A641-5C1A0E4571DC}.Debug|Any CPU.Build.0 = Debug|Any CPU
		{6CC772EF-D809-44BC-A641-5C1A0E4571DC}.Release|Any CPU.ActiveCfg = Release|Any CPU
		{6CC772EF-D809-44BC-A641-5C1A0E4571DC}.Release|Any CPU.Build.0 = Release|Any CPU
	EndGlobalSection
	GlobalSection(SolutionProperties) = preSolution
		HideSolutionNode = FALSE
	EndGlobalSection
EndGlobal
